# This file is automatically @generated by Poetry 2.1.3 and should not be changed by hand.

[[package]]
name = "altgraph"
version = "0.17.4"
description = "Python graph (network) package"
optional = false
python-versions = "*"
groups = ["dev"]
markers = "python_version < \"3.14\""
files = [
    {file = "altgraph-0.17.4-py2.py3-none-any.whl", hash = "sha256:642743b4750de17e655e6711601b077bc6598dbfa3ba5fa2b2a35ce12b508dff"},
    {file = "altgraph-0.17.4.tar.gz", hash = "sha256:1b5afbb98f6c4dcadb2e2ae6ab9fa994bbb8c1d75f4fa96d340f9437ae454406"},
]

[[package]]
name = "click"
version = "8.2.1"
description = "Composable command line interface toolkit"
optional = false
python-versions = ">=3.10"
groups = ["main"]
files = [
    {file = "click-8.2.1-py3-none-any.whl", hash = "sha256:61a3265b914e850b85317d0b3109c7f8cd35a670f963866005d6ef1d5175a12b"},
    {file = "click-8.2.1.tar.gz", hash = "sha256:27c491cc05d968d271d5a1db13e3b5a184636d9d930f148c50b038f0d0646202"},
]

[package.dependencies]
colorama = {version = "*", markers = "platform_system == \"Windows\""}

[[package]]
name = "colorama"
version = "0.4.6"
description = "Cross-platform colored terminal text."
optional = false
python-versions = "!=3.0.*,!=3.1.*,!=3.2.*,!=3.3.*,!=3.4.*,!=3.5.*,!=3.6.*,>=2.7"
groups = ["main"]
markers = "platform_system == \"Windows\""
files = [
    {file = "colorama-0.4.6-py2.py3-none-any.whl", hash = "sha256:4f1d9991f5acc0ca119f9d443620b77f9d6b33703e51011c16baf57afb285fc6"},
    {file = "colorama-0.4.6.tar.gz", hash = "sha256:08695f5cb7ed6e0531a20572697297273c47b8cae5a63ffc6d6ed5c201be6e44"},
]

[[package]]
name = "macholib"
version = "1.16.3"
description = "Mach-O header analysis and editing"
optional = false
python-versions = "*"
groups = ["dev"]
markers = "python_version < \"3.14\" and sys_platform == \"darwin\""
files = [
    {file = "macholib-1.16.3-py2.py3-none-any.whl", hash = "sha256:0e315d7583d38b8c77e815b1ecbdbf504a8258d8b3e17b61165c6feb60d18f2c"},
    {file = "macholib-1.16.3.tar.gz", hash = "sha256:07ae9e15e8e4cd9a788013d81f5908b3609aa76f9b1421bae9c4d7606ec86a30"},
]

[package.dependencies]
altgraph = ">=0.17"

[[package]]
name = "numpy"
version = "2.3.1"
description = "Fundamental package for array computing in Python"
optional = false
python-versions = ">=3.11"
groups = ["main"]
files = [
    {file = "numpy-2.3.1-cp311-cp311-macosx_10_9_x86_64.whl", hash = "sha256:6ea9e48336a402551f52cd8f593343699003d2353daa4b72ce8d34f66b722070"},
    {file = "numpy-2.3.1-cp311-cp311-macosx_11_0_arm64.whl", hash = "sha256:5ccb7336eaf0e77c1635b232c141846493a588ec9ea777a7c24d7166bb8533ae"},
    {file = "numpy-2.3.1-cp311-cp311-macosx_14_0_arm64.whl", hash = "sha256:0bb3a4a61e1d327e035275d2a993c96fa786e4913aa089843e6a2d9dd205c66a"},
    {file = "numpy-2.3.1-cp311-cp311-macosx_14_0_x86_64.whl", hash = "sha256:e344eb79dab01f1e838ebb67aab09965fb271d6da6b00adda26328ac27d4a66e"},
    {file = "numpy-2.3.1-cp311-cp311-manylinux_2_28_aarch64.whl", hash = "sha256:467db865b392168ceb1ef1ffa6f5a86e62468c43e0cfb4ab6da667ede10e58db"},
    {file = "numpy-2.3.1-cp311-cp311-manylinux_2_28_x86_64.whl", hash = "sha256:afed2ce4a84f6b0fc6c1ce734ff368cbf5a5e24e8954a338f3bdffa0718adffb"},
    {file = "numpy-2.3.1-cp311-cp311-musllinux_1_2_aarch64.whl", hash = "sha256:0025048b3c1557a20bc80d06fdeb8cc7fc193721484cca82b2cfa072fec71a93"},
    {file = "numpy-2.3.1-cp311-cp311-musllinux_1_2_x86_64.whl", hash = "sha256:a5ee121b60aa509679b682819c602579e1df14a5b07fe95671c8849aad8f2115"},
    {file = "numpy-2.3.1-cp311-cp311-win32.whl", hash = "sha256:a8b740f5579ae4585831b3cf0e3b0425c667274f82a484866d2adf9570539369"},
    {file = "numpy-2.3.1-cp311-cp311-win_amd64.whl", hash = "sha256:d4580adadc53311b163444f877e0789f1c8861e2698f6b2a4ca852fda154f3ff"},
    {file = "numpy-2.3.1-cp311-cp311-win_arm64.whl", hash = "sha256:ec0bdafa906f95adc9a0c6f26a4871fa753f25caaa0e032578a30457bff0af6a"},
    {file = "numpy-2.3.1-cp312-cp312-macosx_10_13_x86_64.whl", hash = "sha256:2959d8f268f3d8ee402b04a9ec4bb7604555aeacf78b360dc4ec27f1d508177d"},
    {file = "numpy-2.3.1-cp312-cp312-macosx_11_0_arm64.whl", hash = "sha256:762e0c0c6b56bdedfef9a8e1d4538556438288c4276901ea008ae44091954e29"},
    {file = "numpy-2.3.1-cp312-cp312-macosx_14_0_arm64.whl", hash = "sha256:867ef172a0976aaa1f1d1b63cf2090de8b636a7674607d514505fb7276ab08fc"},
    {file = "numpy-2.3.1-cp312-cp312-macosx_14_0_x86_64.whl", hash = "sha256:4e602e1b8682c2b833af89ba641ad4176053aaa50f5cacda1a27004352dde943"},
    {file = "numpy-2.3.1-cp312-cp312-manylinux_2_28_aarch64.whl", hash = "sha256:8e333040d069eba1652fb08962ec5b76af7f2c7bce1df7e1418c8055cf776f25"},
    {file = "numpy-2.3.1-cp312-cp312-manylinux_2_28_x86_64.whl", hash = "sha256:e7cbf5a5eafd8d230a3ce356d892512185230e4781a361229bd902ff403bc660"},
    {file = "numpy-2.3.1-cp312-cp312-musllinux_1_2_aarch64.whl", hash = "sha256:5f1b8f26d1086835f442286c1d9b64bb3974b0b1e41bb105358fd07d20872952"},
    {file = "numpy-2.3.1-cp312-cp312-musllinux_1_2_x86_64.whl", hash = "sha256:ee8340cb48c9b7a5899d1149eece41ca535513a9698098edbade2a8e7a84da77"},
    {file = "numpy-2.3.1-cp312-cp312-win32.whl", hash = "sha256:e772dda20a6002ef7061713dc1e2585bc1b534e7909b2030b5a46dae8ff077ab"},
    {file = "numpy-2.3.1-cp312-cp312-win_amd64.whl", hash = "sha256:cfecc7822543abdea6de08758091da655ea2210b8ffa1faf116b940693d3df76"},
    {file = "numpy-2.3.1-cp312-cp312-win_arm64.whl", hash = "sha256:7be91b2239af2658653c5bb6f1b8bccafaf08226a258caf78ce44710a0160d30"},
    {file = "numpy-2.3.1-cp313-cp313-macosx_10_13_x86_64.whl", hash = "sha256:25a1992b0a3fdcdaec9f552ef10d8103186f5397ab45e2d25f8ac51b1a6b97e8"},
    {file = "numpy-2.3.1-cp313-cp313-macosx_11_0_arm64.whl", hash = "sha256:7dea630156d39b02a63c18f508f85010230409db5b2927ba59c8ba4ab3e8272e"},
    {file = "numpy-2.3.1-cp313-cp313-macosx_14_0_arm64.whl", hash = "sha256:bada6058dd886061f10ea15f230ccf7dfff40572e99fef440a4a857c8728c9c0"},
    {file = "numpy-2.3.1-cp313-cp313-macosx_14_0_x86_64.whl", hash = "sha256:a894f3816eb17b29e4783e5873f92faf55b710c2519e5c351767c51f79d8526d"},
    {file = "numpy-2.3.1-cp313-cp313-manylinux_2_28_aarch64.whl", hash = "sha256:18703df6c4a4fee55fd3d6e5a253d01c5d33a295409b03fda0c86b3ca2ff41a1"},
    {file = "numpy-2.3.1-cp313-cp313-manylinux_2_28_x86_64.whl", hash = "sha256:5902660491bd7a48b2ec16c23ccb9124b8abfd9583c5fdfa123fe6b421e03de1"},
    {file = "numpy-2.3.1-cp313-cp313-musllinux_1_2_aarch64.whl", hash = "sha256:36890eb9e9d2081137bd78d29050ba63b8dab95dff7912eadf1185e80074b2a0"},
    {file = "numpy-2.3.1-cp313-cp313-musllinux_1_2_x86_64.whl", hash = "sha256:a780033466159c2270531e2b8ac063704592a0bc62ec4a1b991c7c40705eb0e8"},
    {file = "numpy-2.3.1-cp313-cp313-win32.whl", hash = "sha256:39bff12c076812595c3a306f22bfe49919c5513aa1e0e70fac756a0be7c2a2b8"},
    {file = "numpy-2.3.1-cp313-cp313-win_amd64.whl", hash = "sha256:8d5ee6eec45f08ce507a6570e06f2f879b374a552087a4179ea7838edbcbfa42"},
    {file = "numpy-2.3.1-cp313-cp313-win_arm64.whl", hash = "sha256:0c4d9e0a8368db90f93bd192bfa771ace63137c3488d198ee21dfb8e7771916e"},
    {file = "numpy-2.3.1-cp313-cp313t-macosx_10_13_x86_64.whl", hash = "sha256:b0b5397374f32ec0649dd98c652a1798192042e715df918c20672c62fb52d4b8"},
    {file = "numpy-2.3.1-cp313-cp313t-macosx_11_0_arm64.whl", hash = "sha256:c5bdf2015ccfcee8253fb8be695516ac4457c743473a43290fd36eba6a1777eb"},
    {file = "numpy-2.3.1-cp313-cp313t-macosx_14_0_arm64.whl", hash = "sha256:d70f20df7f08b90a2062c1f07737dd340adccf2068d0f1b9b3d56e2038979fee"},
    {file = "numpy-2.3.1-cp313-cp313t-macosx_14_0_x86_64.whl", hash = "sha256:2fb86b7e58f9ac50e1e9dd1290154107e47d1eef23a0ae9145ded06ea606f992"},
    {file = "numpy-2.3.1-cp313-cp313t-manylinux_2_28_aarch64.whl", hash = "sha256:23ab05b2d241f76cb883ce8b9a93a680752fbfcbd51c50eff0b88b979e471d8c"},
    {file = "numpy-2.3.1-cp313-cp313t-manylinux_2_28_x86_64.whl", hash = "sha256:ce2ce9e5de4703a673e705183f64fd5da5bf36e7beddcb63a25ee2286e71ca48"},
    {file = "numpy-2.3.1-cp313-cp313t-musllinux_1_2_aarch64.whl", hash = "sha256:c4913079974eeb5c16ccfd2b1f09354b8fed7e0d6f2cab933104a09a6419b1ee"},
    {file = "numpy-2.3.1-cp313-cp313t-musllinux_1_2_x86_64.whl", hash = "sha256:010ce9b4f00d5c036053ca684c77441f2f2c934fd23bee058b4d6f196efd8280"},
    {file = "numpy-2.3.1-cp313-cp313t-win32.whl", hash = "sha256:6269b9edfe32912584ec496d91b00b6d34282ca1d07eb10e82dfc780907d6c2e"},
    {file = "numpy-2.3.1-cp313-cp313t-win_amd64.whl", hash = "sha256:2a809637460e88a113e186e87f228d74ae2852a2e0c44de275263376f17b5bdc"},
    {file = "numpy-2.3.1-cp313-cp313t-win_arm64.whl", hash = "sha256:eccb9a159db9aed60800187bc47a6d3451553f0e1b08b068d8b277ddfbb9b244"},
    {file = "numpy-2.3.1-pp311-pypy311_pp73-macosx_10_15_x86_64.whl", hash = "sha256:ad506d4b09e684394c42c966ec1527f6ebc25da7f4da4b1b056606ffe446b8a3"},
    {file = "numpy-2.3.1-pp311-pypy311_pp73-macosx_14_0_arm64.whl", hash = "sha256:ebb8603d45bc86bbd5edb0d63e52c5fd9e7945d3a503b77e486bd88dde67a19b"},
    {file = "numpy-2.3.1-pp311-pypy311_pp73-macosx_14_0_x86_64.whl", hash = "sha256:15aa4c392ac396e2ad3d0a2680c0f0dee420f9fed14eef09bdb9450ee6dcb7b7"},
    {file = "numpy-2.3.1-pp311-pypy311_pp73-manylinux_2_28_aarch64.whl", hash = "sha256:c6e0bf9d1a2f50d2b65a7cf56db37c095af17b59f6c132396f7c6d5dd76484df"},
    {file = "numpy-2.3.1-pp311-pypy311_pp73-manylinux_2_28_x86_64.whl", hash = "sha256:eabd7e8740d494ce2b4ea0ff05afa1b7b291e978c0ae075487c51e8bd93c0c68"},
    {file = "numpy-2.3.1-pp311-pypy311_pp73-win_amd64.whl", hash = "sha256:e610832418a2bc09d974cc9fecebfa51e9532d6190223bc5ef6a7402ebf3b5cb"},
    {file = "numpy-2.3.1.tar.gz", hash = "sha256:1ec9ae20a4226da374362cca3c62cd753faf2f951440b0e3b98e93c235441d2b"},
]

[[package]]
name = "packaging"
version = "25.0"
description = "Core utilities for Python packages"
optional = false
python-versions = ">=3.8"
groups = ["dev"]
markers = "python_version < \"3.14\""
files = [
    {file = "packaging-25.0-py3-none-any.whl", hash = "sha256:29572ef2b1f17581046b3a2227d5c611fb25ec70ca1ba8554b24b0e69331a484"},
    {file = "packaging-25.0.tar.gz", hash = "sha256:d443872c98d677bf60f6a1f2f8c1cb748e8fe762d2bf9d3148b5599295b0fc4f"},
]

[[package]]
name = "pefile"
version = "2023.2.7"
description = "Python PE parsing module"
optional = false
python-versions = ">=3.6.0"
groups = ["dev"]
markers = "python_version < \"3.14\" and sys_platform == \"win32\""
files = [
    {file = "pefile-2023.2.7-py3-none-any.whl", hash = "sha256:da185cd2af68c08a6cd4481f7325ed600a88f6a813bad9dea07ab3ef73d8d8d6"},
    {file = "pefile-2023.2.7.tar.gz", hash = "sha256:82e6114004b3d6911c77c3953e3838654b04511b8b66e8583db70c65998017dc"},
]

[[package]]
name = "pydicom"
version = "3.0.1"
description = "A pure Python package for reading and writing DICOM data"
optional = false
python-versions = ">=3.10"
groups = ["main"]
files = [
    {file = "pydicom-3.0.1-py3-none-any.whl", hash = "sha256:db32f78b2641bd7972096b8289111ddab01fb221610de8d7afa835eb938adb41"},
    {file = "pydicom-3.0.1.tar.gz", hash = "sha256:7b8be344b5b62493c9452ba6f5a299f78f8a6ab79786c729b0613698209603ec"},
]

[package.extras]
basic = ["numpy", "types-pydicom"]
dev = ["black (==24.8.0)", "mypy (==1.11.2)", "pre-commit", "pydicom-data", "pytest", "pytest-cov", "ruff (==0.6.3)", "types-requests"]
docs = ["matplotlib", "numpy", "numpydoc", "pillow", "sphinx", "sphinx-copybutton", "sphinx-gallery", "sphinx_rtd_theme", "sphinxcontrib-jquery", "sphinxcontrib-napoleon"]
gpl-license = ["pylibjpeg[libjpeg]"]
pixeldata = ["numpy", "pillow", "pyjpegls", "pylibjpeg[openjpeg]", "pylibjpeg[rle]", "python-gdcm"]

[[package]]
name = "pyinstaller"
version = "6.14.1"
description = "PyInstaller bundles a Python application and all its dependencies into a single package."
optional = false
python-versions = "<3.14,>=3.8"
groups = ["dev"]
markers = "python_version < \"3.14\""
files = [
    {file = "pyinstaller-6.14.1-py3-none-macosx_10_13_universal2.whl", hash = "sha256:da559cfe4f7a20a7ebdafdf12ea2a03ea94d3caa49736ef53ee2c155d78422c9"},
    {file = "pyinstaller-6.14.1-py3-none-manylinux2014_aarch64.whl", hash = "sha256:f040d1e3d42af3730104078d10d4a8ca3350bd1c78de48f12e1b26f761e0cbc3"},
    {file = "pyinstaller-6.14.1-py3-none-manylinux2014_i686.whl", hash = "sha256:7b8813fb2d5a82ef4ceffc342ed9a11a6fc1ef21e68e833dbd8fedb8a188d3f5"},
    {file = "pyinstaller-6.14.1-py3-none-manylinux2014_ppc64le.whl", hash = "sha256:e2cfdbc6dd41d19872054fc233da18856ec422a7fdea899b6985ae04f980376a"},
    {file = "pyinstaller-6.14.1-py3-none-manylinux2014_s390x.whl", hash = "sha256:a4d53b3ecb5786b097b79bda88c4089186fc1498ef7eaa6cee57599ae459241e"},
    {file = "pyinstaller-6.14.1-py3-none-manylinux2014_x86_64.whl", hash = "sha256:c48dd257f77f61ebea2d1fdbaf11243730f2271873c88d3b5ecb7869525d3bcb"},
    {file = "pyinstaller-6.14.1-py3-none-musllinux_1_1_aarch64.whl", hash = "sha256:5b05cbb2ffc033b4681268159b82bac94b875475c339603c7e605f00a73c8746"},
    {file = "pyinstaller-6.14.1-py3-none-musllinux_1_1_x86_64.whl", hash = "sha256:d5fd73757c8ea9adb2f9c1f81656335ba9890029ede3031835d768fde36e89f0"},
    {file = "pyinstaller-6.14.1-py3-none-win32.whl", hash = "sha256:547f7a93592e408cbfd093ce9fd9631215387dab0dbf3130351d3b0b1186a534"},
    {file = "pyinstaller-6.14.1-py3-none-win_amd64.whl", hash = "sha256:0794290b4b56ef9d35858334deb29f36ec1e1f193b0f825212a0aa5a1bec5a2f"},
    {file = "pyinstaller-6.14.1-py3-none-win_arm64.whl", hash = "sha256:d9d99695827f892cb19644106da30681363e8ff27b8326ac8416d62890ab9c74"},
    {file = "pyinstaller-6.14.1.tar.gz", hash = "sha256:35d5c06a668e21f0122178dbf20e40fd21012dc8f6170042af6050c4e7b3edca"},
]

[package.dependencies]
altgraph = "*"
macholib = {version = ">=1.8", markers = "sys_platform == \"darwin\""}
packaging = ">=22.0"
pefile = {version = ">=2022.5.30,<2024.8.26 || >2024.8.26", markers = "sys_platform == \"win32\""}
pyinstaller-hooks-contrib = ">=2025.4"
pywin32-ctypes = {version = ">=0.2.1", markers = "sys_platform == \"win32\""}
setuptools = ">=42.0.0"

[package.extras]
completion = ["argcomplete"]
hook-testing = ["execnet (>=1.5.0)", "psutil", "pytest (>=2.7.3)"]

[[package]]
name = "pyinstaller-hooks-contrib"
version = "2025.5"
description = "Community maintained hooks for PyInstaller"
optional = false
python-versions = ">=3.8"
groups = ["dev"]
markers = "python_version < \"3.14\""
files = [
    {file = "pyinstaller_hooks_contrib-2025.5-py3-none-any.whl", hash = "sha256:ebfae1ba341cb0002fb2770fad0edf2b3e913c2728d92df7ad562260988ca373"},
    {file = "pyinstaller_hooks_contrib-2025.5.tar.gz", hash = "sha256:707386770b8fe066c04aad18a71bc483c7b25e18b4750a756999f7da2ab31982"},
]

[package.dependencies]
packaging = ">=22.0"
setuptools = ">=42.0.0"

[[package]]
name = "pylibjpeg"
version = "2.0.1"
description = "A Python framework for decoding JPEG and decoding/encoding DICOM RLE data, with a focus on supporting pydicom"
optional = false
python-versions = ">=3.8"
groups = ["main"]
files = [
    {file = "pylibjpeg-2.0.1-py3-none-any.whl", hash = "sha256:90b611304c99b0752c0e0d78d3c3c25ea0b1a53c82e40c78f347367a8709edcc"},
    {file = "pylibjpeg-2.0.1.tar.gz", hash = "sha256:3beae5cf829f83bf0c1e5640c3b655bc0f406b8be302215e72f8d31a4185a947"},
]

[package.dependencies]
numpy = "*"

[package.extras]
all = ["pylibjpeg-libjpeg", "pylibjpeg-openjpeg", "pylibjpeg-rle"]
dev = ["black (>=23.12)", "mypy (>=1.8)", "pytest", "pytest-cov"]
libjpeg = ["pylibjpeg-libjpeg"]
openjpeg = ["pylibjpeg-openjpeg"]
rle = ["pylibjpeg-rle"]

[[package]]
name = "pylibjpeg-libjpeg"
version = "2.3.0"
description = "A Python wrapper for libjpeg, with a focus on use as a plugin for for pylibjpeg"
optional = false
python-versions = "<4.0,>=3.9"
groups = ["main"]
files = [
    {file = "pylibjpeg_libjpeg-2.3.0-cp310-cp310-macosx_10_9_x86_64.whl", hash = "sha256:1c403dddfd74b1e27abbd330b12aa4943657bfe0c3cd822d683f21d62ffafd95"},
    {file = "pylibjpeg_libjpeg-2.3.0-cp310-cp310-macosx_11_0_arm64.whl", hash = "sha256:1415e5af1a1b03bc26da1992e1ff184a0fd71ea375d004e438146b60b2dd6605"},
    {file = "pylibjpeg_libjpeg-2.3.0-cp310-cp310-manylinux_2_17_aarch64.manylinux2014_aarch64.whl", hash = "sha256:1128b81b53c296d1f9ef7eda39a7f7f2d2cb3a29a4d9ba029f91a6877962069f"},
    {file = "pylibjpeg_libjpeg-2.3.0-cp310-cp310-manylinux_2_17_x86_64.manylinux2014_x86_64.whl", hash = "sha256:fa36f121fac22646e6e9f2d8da9597cd8622f664e4144b74f2425d2c71b5e5ac"},
    {file = "pylibjpeg_libjpeg-2.3.0-cp310-cp310-win32.whl", hash = "sha256:15ec699428061920dfa066ec3091d0600bda650fe353521c2c8199fd37ae0ed5"},
    {file = "pylibjpeg_libjpeg-2.3.0-cp310-cp310-win_amd64.whl", hash = "sha256:86974c11925866217e4d1b525054124e5e6f4035fcedf0638b8c9e7c307e1767"},
    {file = "pylibjpeg_libjpeg-2.3.0-cp311-cp311-macosx_10_9_x86_64.whl", hash = "sha256:b5333e5a2ea6654212a28270eb8dbf554b481eafda13bbab6881ee9b73830db0"},
    {file = "pylibjpeg_libjpeg-2.3.0-cp311-cp311-macosx_11_0_arm64.whl", hash = "sha256:a345fc2e954fa4068e4b6a962ca603af12932712ae07c80eab4c215dc90cc98d"},
    {file = "pylibjpeg_libjpeg-2.3.0-cp311-cp311-manylinux_2_17_aarch64.manylinux2014_aarch64.whl", hash = "sha256:1701ab9f0b8a2c1670dc1e407fad77a3d5f1d4233331aa24f001891c73e950bd"},
    {file = "pylibjpeg_libjpeg-2.3.0-cp311-cp311-manylinux_2_17_x86_64.manylinux2014_x86_64.whl", hash = "sha256:2c142de3ba0ecc18b54517c4b63de5f9cae45cbf6a4b457ab18059af05e7f2f7"},
    {file = "pylibjpeg_libjpeg-2.3.0-cp311-cp311-win32.whl", hash = "sha256:5ac15f5b9d146a3e8dd4d27c51079388efbcff7f222495c86ef708adad2ca2de"},
    {file = "pylibjpeg_libjpeg-2.3.0-cp311-cp311-win_amd64.whl", hash = "sha256:ebd5cd0bf332aee524d23780b5d593aabdc420571f6d4653b130b15e0c89562f"},
    {file = "pylibjpeg_libjpeg-2.3.0-cp312-cp312-macosx_10_13_x86_64.whl", hash = "sha256:7461d83d23412fd5596f42858fa414e4ac48632160e17d77875f5fd6b4925af9"},
    {file = "pylibjpeg_libjpeg-2.3.0-cp312-cp312-macosx_11_0_arm64.whl", hash = "sha256:86ef2285ffafcce6c492738c5f707c0a7141fb8f6e0a3392a2495f653965379f"},
    {file = "pylibjpeg_libjpeg-2.3.0-cp312-cp312-manylinux_2_17_aarch64.manylinux2014_aarch64.whl", hash = "sha256:61e433d3e94e3a66c303fc82b354489abb79487659ca681c62365d6e6d847470"},
    {file = "pylibjpeg_libjpeg-2.3.0-cp312-cp312-manylinux_2_17_x86_64.manylinux2014_x86_64.whl", hash = "sha256:a630e38fd85aad11d0cec247d42d4a4bac86f2614b6eade2619ef821627ad8bb"},
    {file = "pylibjpeg_libjpeg-2.3.0-cp312-cp312-win32.whl", hash = "sha256:865cb985fc0671908881d54455fc6a72cfe02f6f047f9330f4ba8852b81ed7c0"},
    {file = "pylibjpeg_libjpeg-2.3.0-cp312-cp312-win_amd64.whl", hash = "sha256:05d04602b81fa9eb8c33147cf54224725141358f8bf66fd2677bbef5c0e19a48"},
    {file = "pylibjpeg_libjpeg-2.3.0-cp313-cp313-macosx_10_13_x86_64.whl", hash = "sha256:df5db32f1ddfb47c30de9613ace38a0e685f75bf30bd42594c8d54057e5fb8a9"},
    {file = "pylibjpeg_libjpeg-2.3.0-cp313-cp313-macosx_11_0_arm64.whl", hash = "sha256:87f334baddb5f7606cb999e3c96e900d25a320b35bf3c0f5061fb2679e876841"},
    {file = "pylibjpeg_libjpeg-2.3.0-cp313-cp313-manylinux_2_17_aarch64.manylinux2014_aarch64.whl", hash = "sha256:5acf60b2d531bafccc5d8edabd59fc4c542d835ef8772392d6690a994ca9aef0"},
    {file = "pylibjpeg_libjpeg-2.3.0-cp313-cp313-manylinux_2_17_x86_64.manylinux2014_x86_64.whl", hash = "sha256:7744848b239e969162ad65dd2bc7470e14d9eb324ee26d519bd8012fb8e237b8"},
    {file = "pylibjpeg_libjpeg-2.3.0-cp313-cp313-win32.whl", hash = "sha256:ec974e854f220714d70e51ee02c832bbdb04bba41007fb962b209622560157fe"},
    {file = "pylibjpeg_libjpeg-2.3.0-cp313-cp313-win_amd64.whl", hash = "sha256:0b8469237b9b0600cff7af4cf570689667b0e542e10ed9d5a2defe6355a84e60"},
    {file = "pylibjpeg_libjpeg-2.3.0-cp39-cp39-macosx_10_9_x86_64.whl", hash = "sha256:05d9e3511d303a47581ba45e6c7aab911eea7a3e823d353a5af5adf9685f60e7"},
    {file = "pylibjpeg_libjpeg-2.3.0-cp39-cp39-macosx_11_0_arm64.whl", hash = "sha256:70f5466458acfc45fd786e43bd43930ad0eaecaf1017dc56850e9f86524bb2ca"},
    {file = "pylibjpeg_libjpeg-2.3.0-cp39-cp39-manylinux_2_17_aarch64.manylinux2014_aarch64.whl", hash = "sha256:51d036aa961cf3561986598408ddd48af6c5789918eea64282774d04469668f5"},
    {file = "pylibjpeg_libjpeg-2.3.0-cp39-cp39-manylinux_2_17_x86_64.manylinux2014_x86_64.whl", hash = "sha256:c20ba487553ddb51ae4f5627b10699f9b0260625a19e5ce16c2c3e8dc760c391"},
    {file = "pylibjpeg_libjpeg-2.3.0-cp39-cp39-win32.whl", hash = "sha256:a90f5e6eb8f19bab73d932bcb20316b0bd026bc6308c94dcf9fb1826d830e115"},
    {file = "pylibjpeg_libjpeg-2.3.0-cp39-cp39-win_amd64.whl", hash = "sha256:5160f84bb88c0e59a2bcd51fd5a5e98a32c156c9380a583fbbfa8157e4526e98"},
    {file = "pylibjpeg_libjpeg-2.3.0.tar.gz", hash = "sha256:ffb736acee1dfd446f387d45dfec83a144c7971e5cde290d9aafefa5dee99dd0"},
]

[package.dependencies]
numpy = ">=2.0,<3.0"

[[package]]
name = "pylibjpeg-openjpeg"
version = "2.4.0"
description = "A Python wrapper for openjpeg, with a focus on use as a plugin for for pylibjpeg"
optional = false
python-versions = "<4.0,>=3.9"
groups = ["main"]
files = [
    {file = "pylibjpeg_openjpeg-2.4.0-cp310-cp310-macosx_10_9_x86_64.whl", hash = "sha256:b20c8f173223e73628cd30bf9f9678aad57421c9115b21adbdc0d7a543b2c8d0"},
    {file = "pylibjpeg_openjpeg-2.4.0-cp310-cp310-macosx_11_0_arm64.whl", hash = "sha256:f8583853e7df54e9dba13108715ba87b6c88773edadb577fb24efdd7540af5a4"},
    {file = "pylibjpeg_openjpeg-2.4.0-cp310-cp310-manylinux_2_17_aarch64.manylinux2014_aarch64.whl", hash = "sha256:1efe666f70720495e67ecd77acb1b2ddc07b24d173420d959851b39650ac9e1c"},
    {file = "pylibjpeg_openjpeg-2.4.0-cp310-cp310-manylinux_2_17_x86_64.manylinux2014_x86_64.whl", hash = "sha256:d7343760c6d3d3ecacfcf1efc761fe885375af860908c95853b60f0f08d792ea"},
    {file = "pylibjpeg_openjpeg-2.4.0-cp310-cp310-win32.whl", hash = "sha256:3c7d37488b0611af14d4b91dd2443615baee813c2db8f9e74fcad8a24c195635"},
    {file = "pylibjpeg_openjpeg-2.4.0-cp310-cp310-win_amd64.whl", hash = "sha256:c31078c304b3d96e91c5bf4e502dfe5cc925c2b1d8a5cb6aec0f70ee342d7648"},
    {file = "pylibjpeg_openjpeg-2.4.0-cp311-cp311-macosx_10_9_x86_64.whl", hash = "sha256:18b50714ed1faf49e5bb67ba644791d18add81550dee1c66fee1eaa4eb97d92d"},
    {file = "pylibjpeg_openjpeg-2.4.0-cp311-cp311-macosx_11_0_arm64.whl", hash = "sha256:358fcc406fccdd8c5fa12755ad10027d0fca250feea809f5038b990269bdec2e"},
    {file = "pylibjpeg_openjpeg-2.4.0-cp311-cp311-manylinux_2_17_aarch64.manylinux2014_aarch64.whl", hash = "sha256:27f05f7ac316b95976097549b984b45a1d56710a5517fdf82cb103e3d5cf6d57"},
    {file = "pylibjpeg_openjpeg-2.4.0-cp311-cp311-manylinux_2_17_x86_64.manylinux2014_x86_64.whl", hash = "sha256:09071f255ca773196e5bde5b80a902e18b3a0a6342e46c88b109642e7aa4f36f"},
    {file = "pylibjpeg_openjpeg-2.4.0-cp311-cp311-win32.whl", hash = "sha256:13d43c710c003edbcb9de7e21e102482976590f258c624409cc7c2694502a676"},
    {file = "pylibjpeg_openjpeg-2.4.0-cp311-cp311-win_amd64.whl", hash = "sha256:ffbdc13b13a5760073168b3ca044083749ff00e9db23f390c6a8dd17659a2339"},
    {file = "pylibjpeg_openjpeg-2.4.0-cp312-cp312-macosx_10_13_x86_64.whl", hash = "sha256:4a35ef20c0c3541095e7d94e7fafc795718c5e28f6d27841e6154e0b0519f6d2"},
    {file = "pylibjpeg_openjpeg-2.4.0-cp312-cp312-macosx_11_0_arm64.whl", hash = "sha256:b42ea41fc4002624d55d421d26e0094fbeb35c0a6119ca0f61983f277cbc3285"},
    {file = "pylibjpeg_openjpeg-2.4.0-cp312-cp312-manylinux_2_17_aarch64.manylinux2014_aarch64.whl", hash = "sha256:ec316b7ef32c0300254ca87a50ad934d953f33b19db258638421260119269348"},
    {file = "pylibjpeg_openjpeg-2.4.0-cp312-cp312-manylinux_2_17_x86_64.manylinux2014_x86_64.whl", hash = "sha256:423bb1ddb7237d2ff2bf8a231a22ce3a28e4d5375c9e714baa14df34521862da"},
    {file = "pylibjpeg_openjpeg-2.4.0-cp312-cp312-win32.whl", hash = "sha256:fc0302de682958d0b666892f362128ff87246d2816eac5a7841b46673e06e249"},
    {file = "pylibjpeg_openjpeg-2.4.0-cp312-cp312-win_amd64.whl", hash = "sha256:ae5d57716fc8e397aec3af80183bfd2896f54bf0455a1d38c0839a0b5e24feaf"},
    {file = "pylibjpeg_openjpeg-2.4.0-cp313-cp313-macosx_10_13_x86_64.whl", hash = "sha256:63bf4cbe52fe48d4aeadadf7f0f391c41bc819c030e2b7c5d342e9efadc4b33b"},
    {file = "pylibjpeg_openjpeg-2.4.0-cp313-cp313-macosx_11_0_arm64.whl", hash = "sha256:d9b413302d19cdd487ea6674681c6bdb78aaa25f20b417570b839d453387ddaf"},
    {file = "pylibjpeg_openjpeg-2.4.0-cp313-cp313-manylinux_2_17_aarch64.manylinux2014_aarch64.whl", hash = "sha256:fcee9bea6371d7ff6351a56c2d5ca2eb0c83d2c28d5cc65ea2d69059e175c5bd"},
    {file = "pylibjpeg_openjpeg-2.4.0-cp313-cp313-manylinux_2_17_x86_64.manylinux2014_x86_64.whl", hash = "sha256:0f28a9caf88acf3d7c91b216d5447709e4867c59d683f1efe04caf68b3642993"},
    {file = "pylibjpeg_openjpeg-2.4.0-cp313-cp313-win32.whl", hash = "sha256:91ba44272e0644203f6d16d6534a05430b9262e5fad95c942c5fbef0873c0b96"},
    {file = "pylibjpeg_openjpeg-2.4.0-cp313-cp313-win_amd64.whl", hash = "sha256:8ab188bc25f9a40369b40f634d401ee53cde63167a171969bfb1ceeee7a4e16c"},
    {file = "pylibjpeg_openjpeg-2.4.0-cp39-cp39-macosx_10_9_x86_64.whl", hash = "sha256:af9d2aaa2b4f540c6c6c0856e8473f68ca05af9ebca192c97e54a6999c1e7449"},
    {file = "pylibjpeg_openjpeg-2.4.0-cp39-cp39-macosx_11_0_arm64.whl", hash = "sha256:fe5be11596188eacaa9fb60f4697f7faff131e40fb0e38142967febeb1175dfc"},
    {file = "pylibjpeg_openjpeg-2.4.0-cp39-cp39-manylinux_2_17_aarch64.manylinux2014_aarch64.whl", hash = "sha256:1786cb158fdf47f988cf1a16ec6b722304b78ded400d9053749f0c21e55b3ae9"},
    {file = "pylibjpeg_openjpeg-2.4.0-cp39-cp39-manylinux_2_17_x86_64.manylinux2014_x86_64.whl", hash = "sha256:c972f663fa1b3932beee9790fea0a469fbd702d0cd76e4343836416577dfbdc7"},
    {file = "pylibjpeg_openjpeg-2.4.0-cp39-cp39-win32.whl", hash = "sha256:e562c63facc7638abda8438cad5f7745a15841c2c73365fdb9b0d813d4842e11"},
    {file = "pylibjpeg_openjpeg-2.4.0-cp39-cp39-win_amd64.whl", hash = "sha256:9764407a8435034a8327900f64acff9e2f4cbdeda658c99f2e69772b65cf71e5"},
    {file = "pylibjpeg_openjpeg-2.4.0.tar.gz", hash = "sha256:727eee1ba8fc698c102ac4d8f43a01de7133c57646b01a87307e8dc8dcb4c40f"},
]

[package.dependencies]
numpy = ">=2.0,<3.0"

[[package]]
name = "pywin32-ctypes"
version = "0.2.3"
description = "A (partial) reimplementation of pywin32 using ctypes/cffi"
optional = false
python-versions = ">=3.6"
groups = ["dev"]
markers = "python_version < \"3.14\" and sys_platform == \"win32\""
files = [
    {file = "pywin32-ctypes-0.2.3.tar.gz", hash = "sha256:d162dc04946d704503b2edc4d55f3dba5c1d539ead017afa00142c38b9885755"},
    {file = "pywin32_ctypes-0.2.3-py3-none-any.whl", hash = "sha256:8a1513379d709975552d202d942d9837758905c8d01eb82b8bcc30918929e7b8"},
]

[[package]]
name = "setuptools"
version = "80.9.0"
description = "Easily download, build, install, upgrade, and uninstall Python packages"
optional = false
python-versions = ">=3.9"
groups = ["dev"]
markers = "python_version < \"3.14\""
files = [
    {file = "setuptools-80.9.0-py3-none-any.whl", hash = "sha256:062d34222ad13e0cc312a4c02d73f059e86a4acbfbdea8f8f76b28c99f306922"},
    {file = "setuptools-80.9.0.tar.gz", hash = "sha256:f36b47402ecde768dbfafc46e8e4207b4360c654f1f3bb84475f0a28628fb19c"},
]

[package.extras]
check = ["pytest-checkdocs (>=2.4)", "pytest-ruff (>=0.2.1) ; sys_platform != \"cygwin\"", "ruff (>=0.8.0) ; sys_platform != \"cygwin\""]
core = ["importlib_metadata (>=6) ; python_version < \"3.10\"", "jaraco.functools (>=4)", "jaraco.text (>=3.7)", "more_itertools", "more_itertools (>=8.8)", "packaging (>=24.2)", "platformdirs (>=4.2.2)", "tomli (>=2.0.1) ; python_version < \"3.11\"", "wheel (>=0.43.0)"]
cover = ["pytest-cov"]
doc = ["furo", "jaraco.packaging (>=9.3)", "jaraco.tidelift (>=1.4)", "pygments-github-lexers (==0.0.5)", "pyproject-hooks (!=1.1)", "rst.linker (>=1.9)", "sphinx (>=3.5)", "sphinx-favicon", "sphinx-inline-tabs", "sphinx-lint", "sphinx-notfound-page (>=1,<2)", "sphinx-reredirects", "sphinxcontrib-towncrier", "towncrier (<24.7)"]
enabler = ["pytest-enabler (>=2.2)"]
test = ["build[virtualenv] (>=1.0.3)", "filelock (>=3.4.0)", "ini2toml[lite] (>=0.14)", "jaraco.develop (>=7.21) ; python_version >= \"3.9\" and sys_platform != \"cygwin\"", "jaraco.envs (>=2.2)", "jaraco.path (>=3.7.2)", "jaraco.test (>=5.5)", "packaging (>=24.2)", "pip (>=19.1)", "pyproject-hooks (!=1.1)", "pytest (>=6,!=8.1.*)", "pytest-home (>=0.5)", "pytest-perf ; sys_platform != \"cygwin\"", "pytest-subprocess", "pytest-timeout", "pytest-xdist (>=3)", "tomli-w (>=1.0.0)", "virtualenv (>=13.0.0)", "wheel (>=0.44.0)"]
type = ["importlib_metadata (>=7.0.2) ; python_version < \"3.10\"", "jaraco.develop (>=7.21) ; sys_platform != \"cygwin\"", "mypy (==1.14.*)", "pytest-mypy"]

[metadata]
lock-version = "2.1"
python-versions = ">=3.11,<4.0"
content-hash = "f5ed8ca4a8099b66e531f0332a61ad797ea8c8b8935a1dad0dfaa92609be248f"
